
Microsoft Visual Studio Solution File, Format Version 12.00
# Visual Studio 15
VisualStudioVersion = 15.0.28307.271
MinimumVisualStudioVersion = 10.0.40219.1
Project("{FAE04EC0-301F-11D3-BF4B-00C04F79EFBC}") = "Summoner", "Summoner\Summoner.csproj", "{003B72A8-0A01-4FA2-B8C7-0634C5C913F2}"
EndProject
Global
	GlobalSection(SolutionConfigurationPlatforms) = preSolution
		Debug|Any CPU = Debug|Any CPU
		Release|Any CPU = Release|Any CPU
	EndGlobalSection
	GlobalSection(ProjectConfigurationPlatforms) = postSolution
		{003B72A8-0A01-4FA2-B8C7-0634C5C913F2}.Debug|Any CPU.ActiveCfg = Debug|Any CPU
		{003B72A8-0A01-4FA2-B8C7-0634C5C913F2}.Debug|Any CPU.Build.0 = Debug|Any CPU
		{003B72A8-0A01-4FA2-B8C7-0634C5C913F2}.Release|Any CPU.ActiveCfg = Release|Any CPU
		{003B72A8-0A01-4FA2-B8C7-0634C5C913F2}.Release|Any CPU.Build.0 = Release|Any CPU
	EndGlobalSection
	GlobalSection(SolutionProperties) = preSolution
		HideSolutionNode = FALSE
	EndGlobalSection
	GlobalSection(ExtensibilityGlobals) = postSolution
		SolutionGuid = {FD68ABBF-1EFE-43E1-9C6E-C805CB93B3F7}
	EndGlobalSection
EndGlobal
